
Microsoft Visual Studio Solution File, Format Version 12.00
# Visual Studio Version 17
VisualStudioVersion = 17.7.34221.43
MinimumVisualStudioVersion = 10.0.40219.1
Project("{E24C65DC-7377-472B-9ABA-BC803B73C61A}") = "Khmer_Event", "Khmer_Event\", "{F9968FDF-ADD8-461E-A1AE-0332E835B314}"
	ProjectSection(WebsiteProperties) = preProject
		TargetFrameworkMoniker = ".NETFramework,Version%3Dv4.7.2"
		Debug.AspNetCompiler.VirtualPath = "/localhost_53058"
		Debug.AspNetCompiler.PhysicalPath = "Khmer_Event\"
		Debug.AspNetCompiler.TargetPath = "PrecompiledWeb\localhost_53058\"
		Debug.AspNetCompiler.Updateable = "true"
		Debug.AspNetCompiler.ForceOverwrite = "true"
		Debug.AspNetCompiler.FixedNames = "false"
		Debug.AspNetCompiler.Debug = "True"
		Release.AspNetCompiler.VirtualPath = "/localhost_53058"
		Release.AspNetCompiler.PhysicalPath = "Khmer_Event\"
		Release.AspNetCompiler.TargetPath = "PrecompiledWeb\localhost_53058\"
		Release.AspNetCompiler.Updateable = "true"
		Release.AspNetCompiler.ForceOverwrite = "true"
		Release.AspNetCompiler.FixedNames = "false"
		Release.AspNetCompiler.Debug = "False"
		VWDPort = "53058"
		SlnRelativePath = "Khmer_Event\"
		DefaultWebSiteLanguage = "Visual C#"
	EndProjectSection
EndProject
Global
	GlobalSection(SolutionConfigurationPlatforms) = preSolution
		Debug|Any CPU = Debug|Any CPU
	EndGlobalSection
	GlobalSection(ProjectConfigurationPlatforms) = postSolution
		{F9968FDF-ADD8-461E-A1AE-0332E835B314}.Debug|Any CPU.ActiveCfg = Debug|Any CPU
		{F9968FDF-ADD8-461E-A1AE-0332E835B314}.Debug|Any CPU.Build.0 = Debug|Any CPU
	EndGlobalSection
	GlobalSection(SolutionProperties) = preSolution
		HideSolutionNode = FALSE
	EndGlobalSection
	GlobalSection(ExtensibilityGlobals) = postSolution
		SolutionGuid = {58F881E6-763B-408A-9AE1-4C219DE1021F}
	EndGlobalSection
EndGlobal
